# This file is automatically @generated by Cargo.
# It is not intended for manual editing.
version = 4

[[package]]
name = "bitflags"
version = "2.11.0"
source = "registry+https://github.com/rust-lang/crates.io-index"
checksum = "843867be96c8daad0d758b57df9392b6d8d271134fce549de6ce169ff98a92af"

[[package]]
name = "display-types"
version = "0.3.1"
source = "registry+https://github.com/rust-lang/crates.io-index"
checksum = "60dc3a31d8f31b9c3061260c75faacc7c2cffa1f351a8051bc700e051ece17a6"
dependencies = [
 "bitflags",
]

[[package]]
name = "hdmi-hal"
version = "0.2.0"
source = "registry+https://github.com/rust-lang/crates.io-index"
checksum = "833c9e4d59a4e1a01054ce35b203030c539b934dcc972bf09592066059572ba1"
dependencies = [
 "display-types",
]

[[package]]
name = "plumbob"
version = "0.1.0"
dependencies = [
 "display-types",
 "hdmi-hal",
]
